{
  "pins" : [
    {
      "identity" : "descriptors",
      "kind" : "remoteSourceControl",
      "location" : "https://github.com/FluidGroup/Descriptors",
      "state" : {
        "revision" : "f41ce2605a76c5d378fe8c5e8c5c98b544dfd108",
        "version" : "0.2.3"
      }
    },
    {
      "identity" : "swiftui-gesture-velocity",
      "kind" : "remoteSourceControl",
      "location" : "https://github.com/FluidGroup/swiftui-gesture-velocity",
      "state" : {
        "revision" : "9c83f8995f9e5efc29db2fca4b9ff058283f1603",
        "version" : "1.0.0"
      }
    },
    {
      "identity" : "swiftui-support",
      "kind" : "remoteSourceControl",
      "location" : "https://github.com/FluidGroup/swiftui-support.git",
      "state" : {
        "branch" : "main",
        "revision" : "c610ff918561ba5b3959680b921ff69fe431895f"
      }
    },
    {
      "identity" : "texture",
      "kind" : "remoteSourceControl",
      "location" : "https://github.com/FluidGroup/Texture.git",
      "state" : {
        "branch" : "spm",
        "revision" : "17e0b467fe7360cfb29f2612785acf60e86775e9"
      }
    },
    {
      "identity" : "texturebridging",
      "kind" : "remoteSourceControl",
      "location" : "https://github.com/FluidGroup/TextureBridging.git",
      "state" : {
        "branch" : "main",
        "revision" : "ed8d3ac84c3fda90832c793fdeb8972154bd15fe"
      }
    },
    {
      "identity" : "textureswiftsupport",
      "kind" : "remoteSourceControl",
      "location" : "https://github.com/FluidGroup/TextureSwiftSupport.git",
      "state" : {
        "branch" : "main",
        "revision" : "5b7396f5447535c3b0f539351ea95ffd029e63d8"
      }
    }
  ],
  "version" : 2
}
